
Microsoft Visual Studio Solution File, Format Version 12.00
# Visual Studio 2017
Project("{FAE04EC0-301F-11D3-BF4B-00C04F79EFBC}") = "Labyrinthos.Plugins", "Labyrinthos.Plugins.csproj", "{8125B43A-CF8C-4EC7-9424-571DFE274B9C}"
EndProject
Project("{FAE04EC0-301F-11D3-BF4B-00C04F79EFBC}") = "Labyrinthos", "Labyrinthos.csproj", "{B84DDB8A-C636-E679-7E1C-309F5D1BD68F}"
EndProject
Project("{FAE04EC0-301F-11D3-BF4B-00C04F79EFBC}") = "Labyrinthos.Editor.Plugins", "Labyrinthos.Editor.Plugins.csproj", "{6686FDEA-A28E-9924-A8BE-1DDB23984965}"
EndProject
Global
	GlobalSection(SolutionConfigurationPlatforms) = preSolution
		Debug|Any CPU = Debug|Any CPU
		Release|Any CPU = Release|Any CPU
	EndGlobalSection
	GlobalSection(ProjectConfigurationPlatforms) = postSolution
		{8125B43A-CF8C-4EC7-9424-571DFE274B9C}.Debug|Any CPU.ActiveCfg = Debug|Any CPU
		{8125B43A-CF8C-4EC7-9424-571DFE274B9C}.Debug|Any CPU.Build.0 = Debug|Any CPU
		{8125B43A-CF8C-4EC7-9424-571DFE274B9C}.Release|Any CPU.ActiveCfg = Release|Any CPU
		{8125B43A-CF8C-4EC7-9424-571DFE274B9C}.Release|Any CPU.Build.0 = Release|Any CPU
		{B84DDB8A-C636-E679-7E1C-309F5D1BD68F}.Debug|Any CPU.ActiveCfg = Debug|Any CPU
		{B84DDB8A-C636-E679-7E1C-309F5D1BD68F}.Debug|Any CPU.Build.0 = Debug|Any CPU
		{B84DDB8A-C636-E679-7E1C-309F5D1BD68F}.Release|Any CPU.ActiveCfg = Release|Any CPU
		{B84DDB8A-C636-E679-7E1C-309F5D1BD68F}.Release|Any CPU.Build.0 = Release|Any CPU
		{6686FDEA-A28E-9924-A8BE-1DDB23984965}.Debug|Any CPU.ActiveCfg = Debug|Any CPU
		{6686FDEA-A28E-9924-A8BE-1DDB23984965}.Debug|Any CPU.Build.0 = Debug|Any CPU
		{6686FDEA-A28E-9924-A8BE-1DDB23984965}.Release|Any CPU.ActiveCfg = Release|Any CPU
		{6686FDEA-A28E-9924-A8BE-1DDB23984965}.Release|Any CPU.Build.0 = Release|Any CPU
	EndGlobalSection
	GlobalSection(SolutionProperties) = preSolution
		HideSolutionNode = FALSE
	EndGlobalSection
EndGlobal
