
Microsoft Visual Studio Solution File, Format Version 12.00
# Visual Studio 2017
Project("{FAE04EC0-301F-11D3-BF4B-00C04F79EFBC}") = "Labyrinthos", "Labyrinthos.csproj", "{B84DDB8A-C636-E679-7E1C-309F5D1BD68F}"
EndProject
Project("{FAE04EC0-301F-11D3-BF4B-00C04F79EFBC}") = "Labyrinthos.Editor", "Labyrinthos.Editor.csproj", "{A5D169D1-9A05-FE5D-BE3D-5F6817C94AD8}"
EndProject
Global
	GlobalSection(SolutionConfigurationPlatforms) = preSolution
		Debug|Any CPU = Debug|Any CPU
		Release|Any CPU = Release|Any CPU
	EndGlobalSection
	GlobalSection(ProjectConfigurationPlatforms) = postSolution
		{B84DDB8A-C636-E679-7E1C-309F5D1BD68F}.Debug|Any CPU.ActiveCfg = Debug|Any CPU
		{B84DDB8A-C636-E679-7E1C-309F5D1BD68F}.Debug|Any CPU.Build.0 = Debug|Any CPU
		{B84DDB8A-C636-E679-7E1C-309F5D1BD68F}.Release|Any CPU.ActiveCfg = Release|Any CPU
		{B84DDB8A-C636-E679-7E1C-309F5D1BD68F}.Release|Any CPU.Build.0 = Release|Any CPU
		{A5D169D1-9A05-FE5D-BE3D-5F6817C94AD8}.Debug|Any CPU.ActiveCfg = Debug|Any CPU
		{A5D169D1-9A05-FE5D-BE3D-5F6817C94AD8}.Debug|Any CPU.Build.0 = Debug|Any CPU
		{A5D169D1-9A05-FE5D-BE3D-5F6817C94AD8}.Release|Any CPU.ActiveCfg = Release|Any CPU
		{A5D169D1-9A05-FE5D-BE3D-5F6817C94AD8}.Release|Any CPU.Build.0 = Release|Any CPU
	EndGlobalSection
	GlobalSection(SolutionProperties) = preSolution
		HideSolutionNode = FALSE
	EndGlobalSection
EndGlobal
